// !$*UTF8*$!
{
	archiveVersion = 1;
	classes = {
	};
	objectVersion = 55;
	objects = {

/* Begin PBXBuildFile section */
		07BC8A032946161E00D3CCFE /* AppDelegate.swift in Sources */ = {isa = PBXBuildFile; fileRef = 07BC8A022946161E00D3CCFE /* AppDelegate.swift */; };
		07BC8A052946161E00D3CCFE /* SceneDelegate.swift in Sources */ = {isa = PBXBuildFile; fileRef = 07BC8A042946161E00D3CCFE /* SceneDelegate.swift */; };
		07BC8A072946161E00D3CCFE /* ViewController.swift in Sources */ = {isa = PBXBuildFile; fileRef = 07BC8A062946161E00D3CCFE /* ViewController.swift */; };
		07BC8A0A2946161E00D3CCFE /* Main.storyboard in Resources */ = {isa = PBXBuildFile; fileRef = 07BC8A082946161E00D3CCFE /* Main.storyboard */; };
		07BC8A0C2946162000D3CCFE /* Assets.xcassets in Resources */ = {isa = PBXBuildFile; fileRef = 07BC8A0B2946162000D3CCFE /* Assets.xcassets */; };
		07BC8A0F2946162000D3CCFE /* LaunchScreen.storyboard in Resources */ = {isa = PBXBuildFile; fileRef = 07BC8A0D2946162000D3CCFE /* LaunchScreen.storyboard */; };
		07BC8A1A2946162000D3CCFE /* LinkedinFireBaseTests.swift in Sources */ = {isa = PBXBuildFile; fileRef = 07BC8A192946162000D3CCFE /* LinkedinFireBaseTests.swift */; };
		07BC8A242946162100D3CCFE /* LinkedinFireBaseUITests.swift in Sources */ = {isa = PBXBuildFile; fileRef = 07BC8A232946162100D3CCFE /* LinkedinFireBaseUITests.swift */; };
		07BC8A262946162100D3CCFE /* LinkedinFireBaseUITestsLaunchTests.swift in Sources */ = {isa = PBXBuildFile; fileRef = 07BC8A252946162100D3CCFE /* LinkedinFireBaseUITestsLaunchTests.swift */; };
		07BC8A3529461E8400D3CCFE /* LoginViewController.swift in Sources */ = {isa = PBXBuildFile; fileRef = 07BC8A3429461E8400D3CCFE /* LoginViewController.swift */; };
		07BC8A3729461E9300D3CCFE /* LoginViewModel.swift in Sources */ = {isa = PBXBuildFile; fileRef = 07BC8A3629461E9300D3CCFE /* LoginViewModel.swift */; };
		07BC8A3929461EA200D3CCFE /* LoginViewModelImpl.swift in Sources */ = {isa = PBXBuildFile; fileRef = 07BC8A3829461EA200D3CCFE /* LoginViewModelImpl.swift */; };
		07BC8A3B29461EB700D3CCFE /* LoginBuilder.swift in Sources */ = {isa = PBXBuildFile; fileRef = 07BC8A3A29461EB700D3CCFE /* LoginBuilder.swift */; };
		07BC8A3D29461ECC00D3CCFE /* Login.storyboard in Resources */ = {isa = PBXBuildFile; fileRef = 07BC8A3C29461ECC00D3CCFE /* Login.storyboard */; };
		07BC8A402946227400D3CCFE /* AlertHelper.swift in Sources */ = {isa = PBXBuildFile; fileRef = 07BC8A3F2946227400D3CCFE /* AlertHelper.swift */; };
		07BC8A4F2946546100D3CCFE /* GoogleService-Info.plist in Resources */ = {isa = PBXBuildFile; fileRef = 07BC8A4E2946546100D3CCFE /* GoogleService-Info.plist */; };
		07BC8A562946619200D3CCFE /* SignUpViewController.swift in Sources */ = {isa = PBXBuildFile; fileRef = 07BC8A512946619200D3CCFE /* SignUpViewController.swift */; };
		07BC8A572946619200D3CCFE /* SignUpViewModel.swift in Sources */ = {isa = PBXBuildFile; fileRef = 07BC8A522946619200D3CCFE /* SignUpViewModel.swift */; };
		07BC8A582946619200D3CCFE /* SignUpViewModelImpl.swift in Sources */ = {isa = PBXBuildFile; fileRef = 07BC8A532946619200D3CCFE /* SignUpViewModelImpl.swift */; };
		07BC8A592946619200D3CCFE /* SignUp.storyboard in Resources */ = {isa = PBXBuildFile; fileRef = 07BC8A542946619200D3CCFE /* SignUp.storyboard */; };
		07BC8A5A2946619200D3CCFE /* SignUpBuilder.swift in Sources */ = {isa = PBXBuildFile; fileRef = 07BC8A552946619200D3CCFE /* SignUpBuilder.swift */; };
		0C3AD68E70AAE36CD01C7CC4 /* Pods_LinkedinFireBaseTests.framework in Frameworks */ = {isa = PBXBuildFile; fileRef = 605CE405D7D4A664F77302D0 /* Pods_LinkedinFireBaseTests.framework */; };
		D442AA2574E1E95F61A26BB1 /* Pods_LinkedinFireBase_LinkedinFireBaseUITests.framework in Frameworks */ = {isa = PBXBuildFile; fileRef = 3824820EA3220BEEBAC00DFE /* Pods_LinkedinFireBase_LinkedinFireBaseUITests.framework */; };
		DD883420278ABF1B6721D5DD /* Pods_LinkedinFireBase.framework in Frameworks */ = {isa = PBXBuildFile; fileRef = CCCC576962B0676600BF11A9 /* Pods_LinkedinFireBase.framework */; };
/* End PBXBuildFile section */

/* Begin PBXContainerItemProxy section */
		07BC8A162946162000D3CCFE /* PBXContainerItemProxy */ = {
			isa = PBXContainerItemProxy;
			containerPortal = 07BC89F72946161E00D3CCFE /* Project object */;
			proxyType = 1;
			remoteGlobalIDString = 07BC89FE2946161E00D3CCFE;
			remoteInfo = LinkedinFireBase;
		};
		07BC8A202946162100D3CCFE /* PBXContainerItemProxy */ = {
			isa = PBXContainerItemProxy;
			containerPortal = 07BC89F72946161E00D3CCFE /* Project object */;
			proxyType = 1;
			remoteGlobalIDString = 07BC89FE2946161E00D3CCFE;
			remoteInfo = LinkedinFireBase;
		};
/* End PBXContainerItemProxy section */

/* Begin PBXFileReference section */
		07BC89FF2946161E00D3CCFE /* LinkedinFireBase.app */ = {isa = PBXFileReference; explicitFileType = wrapper.application; includeInIndex = 0; path = LinkedinFireBase.app; sourceTree = BUILT_PRODUCTS_DIR; };
		07BC8A022946161E00D3CCFE /* AppDelegate.swift */ = {isa = PBXFileReference; lastKnownFileType = sourcecode.swift; path = AppDelegate.swift; sourceTree = "<group>"; };
		07BC8A042946161E00D3CCFE /* SceneDelegate.swift */ = {isa = PBXFileReference; lastKnownFileType = sourcecode.swift; path = SceneDelegate.swift; sourceTree = "<group>"; };
		07BC8A062946161E00D3CCFE /* ViewController.swift */ = {isa = PBXFileReference; lastKnownFileType = sourcecode.swift; path = ViewController.swift; sourceTree = "<group>"; };
		07BC8A092946161E00D3CCFE /* Base */ = {isa = PBXFileReference; lastKnownFileType = file.storyboard; name = Base; path = Base.lproj/Main.storyboard; sourceTree = "<group>"; };
		07BC8A0B2946162000D3CCFE /* Assets.xcassets */ = {isa = PBXFileReference; lastKnownFileType = folder.assetcatalog; path = Assets.xcassets; sourceTree = "<group>"; };
		07BC8A0E2946162000D3CCFE /* Base */ = {isa = PBXFileReference; lastKnownFileType = file.storyboard; name = Base; path = Base.lproj/LaunchScreen.storyboard; sourceTree = "<group>"; };
		07BC8A102946162000D3CCFE /* Info.plist */ = {isa = PBXFileReference; lastKnownFileType = text.plist.xml; path = Info.plist; sourceTree = "<group>"; };
		07BC8A152946162000D3CCFE /* LinkedinFireBaseTests.xctest */ = {isa = PBXFileReference; explicitFileType = wrapper.cfbundle; includeInIndex = 0; path = LinkedinFireBaseTests.xctest; sourceTree = BUILT_PRODUCTS_DIR; };
		07BC8A192946162000D3CCFE /* LinkedinFireBaseTests.swift */ = {isa = PBXFileReference; lastKnownFileType = sourcecode.swift; path = LinkedinFireBaseTests.swift; sourceTree = "<group>"; };
		07BC8A1F2946162100D3CCFE /* LinkedinFireBaseUITests.xctest */ = {isa = PBXFileReference; explicitFileType = wrapper.cfbundle; includeInIndex = 0; path = LinkedinFireBaseUITests.xctest; sourceTree = BUILT_PRODUCTS_DIR; };
		07BC8A232946162100D3CCFE /* LinkedinFireBaseUITests.swift */ = {isa = PBXFileReference; lastKnownFileType = sourcecode.swift; path = LinkedinFireBaseUITests.swift; sourceTree = "<group>"; };
		07BC8A252946162100D3CCFE /* LinkedinFireBaseUITestsLaunchTests.swift */ = {isa = PBXFileReference; lastKnownFileType = sourcecode.swift; path = LinkedinFireBaseUITestsLaunchTests.swift; sourceTree = "<group>"; };
		07BC8A3429461E8400D3CCFE /* LoginViewController.swift */ = {isa = PBXFileReference; lastKnownFileType = sourcecode.swift; path = LoginViewController.swift; sourceTree = "<group>"; };
		07BC8A3629461E9300D3CCFE /* LoginViewModel.swift */ = {isa = PBXFileReference; lastKnownFileType = sourcecode.swift; path = LoginViewModel.swift; sourceTree = "<group>"; };
		07BC8A3829461EA200D3CCFE /* LoginViewModelImpl.swift */ = {isa = PBXFileReference; lastKnownFileType = sourcecode.swift; path = LoginViewModelImpl.swift; sourceTree = "<group>"; };
		07BC8A3A29461EB700D3CCFE /* LoginBuilder.swift */ = {isa = PBXFileReference; lastKnownFileType = sourcecode.swift; path = LoginBuilder.swift; sourceTree = "<group>"; };
		07BC8A3C29461ECC00D3CCFE /* Login.storyboard */ = {isa = PBXFileReference; lastKnownFileType = file.storyboard; path = Login.storyboard; sourceTree = "<group>"; };
		07BC8A3F2946227400D3CCFE /* AlertHelper.swift */ = {isa = PBXFileReference; lastKnownFileType = sourcecode.swift; path = AlertHelper.swift; sourceTree = "<group>"; };
		07BC8A4E2946546100D3CCFE /* GoogleService-Info.plist */ = {isa = PBXFileReference; fileEncoding = 4; lastKnownFileType = text.plist.xml; name = "GoogleService-Info.plist"; path = "../../../GoogleService-Info.plist"; sourceTree = "<group>"; };
		07BC8A512946619200D3CCFE /* SignUpViewController.swift */ = {isa = PBXFileReference; fileEncoding = 4; lastKnownFileType = sourcecode.swift; path = SignUpViewController.swift; sourceTree = "<group>"; };
		07BC8A522946619200D3CCFE /* SignUpViewModel.swift */ = {isa = PBXFileReference; fileEncoding = 4; lastKnownFileType = sourcecode.swift; path = SignUpViewModel.swift; sourceTree = "<group>"; };
		07BC8A532946619200D3CCFE /* SignUpViewModelImpl.swift */ = {isa = PBXFileReference; fileEncoding = 4; lastKnownFileType = sourcecode.swift; path = SignUpViewModelImpl.swift; sourceTree = "<group>"; };
		07BC8A542946619200D3CCFE /* SignUp.storyboard */ = {isa = PBXFileReference; fileEncoding = 4; lastKnownFileType = file.storyboard; path = SignUp.storyboard; sourceTree = "<group>"; };
		07BC8A552946619200D3CCFE /* SignUpBuilder.swift */ = {isa = PBXFileReference; fileEncoding = 4; lastKnownFileType = sourcecode.swift; path = SignUpBuilder.swift; sourceTree = "<group>"; };
		3824820EA3220BEEBAC00DFE /* Pods_LinkedinFireBase_LinkedinFireBaseUITests.framework */ = {isa = PBXFileReference; explicitFileType = wrapper.framework; includeInIndex = 0; path = Pods_LinkedinFireBase_LinkedinFireBaseUITests.framework; sourceTree = BUILT_PRODUCTS_DIR; };
		3F18399D6FBEA45F35B1E801 /* Pods-LinkedinFireBase-LinkedinFireBaseUITests.release.xcconfig */ = {isa = PBXFileReference; includeInIndex = 1; lastKnownFileType = text.xcconfig; name = "Pods-LinkedinFireBase-LinkedinFireBaseUITests.release.xcconfig"; path = "Target Support Files/Pods-LinkedinFireBase-LinkedinFireBaseUITests/Pods-LinkedinFireBase-LinkedinFireBaseUITests.release.xcconfig"; sourceTree = "<group>"; };
		605CE405D7D4A664F77302D0 /* Pods_LinkedinFireBaseTests.framework */ = {isa = PBXFileReference; explicitFileType = wrapper.framework; includeInIndex = 0; path = Pods_LinkedinFireBaseTests.framework; sourceTree = BUILT_PRODUCTS_DIR; };
		741E48997922A301E04566EC /* Pods-LinkedinFireBaseTests.release.xcconfig */ = {isa = PBXFileReference; includeInIndex = 1; lastKnownFileType = text.xcconfig; name = "Pods-LinkedinFireBaseTests.release.xcconfig"; path = "Target Support Files/Pods-LinkedinFireBaseTests/Pods-LinkedinFireBaseTests.release.xcconfig"; sourceTree = "<group>"; };
		794862AC6BFF7B69B22DA063 /* Pods-LinkedinFireBase.release.xcconfig */ = {isa = PBXFileReference; includeInIndex = 1; lastKnownFileType = text.xcconfig; name = "Pods-LinkedinFireBase.release.xcconfig"; path = "Target Support Files/Pods-LinkedinFireBase/Pods-LinkedinFireBase.release.xcconfig"; sourceTree = "<group>"; };
		98F335B77F15EAA76EF52693 /* Pods-LinkedinFireBaseTests.debug.xcconfig */ = {isa = PBXFileReference; includeInIndex = 1; lastKnownFileType = text.xcconfig; name = "Pods-LinkedinFireBaseTests.debug.xcconfig"; path = "Target Support Files/Pods-LinkedinFireBaseTests/Pods-LinkedinFireBaseTests.debug.xcconfig"; sourceTree = "<group>"; };
		CCCC576962B0676600BF11A9 /* Pods_LinkedinFireBase.framework */ = {isa = PBXFileReference; explicitFileType = wrapper.framework; includeInIndex = 0; path = Pods_LinkedinFireBase.framework; sourceTree = BUILT_PRODUCTS_DIR; };
		F5A2FA83DB43C5CB5C1DC567 /* Pods-LinkedinFireBase.debug.xcconfig */ = {isa = PBXFileReference; includeInIndex = 1; lastKnownFileType = text.xcconfig; name = "Pods-LinkedinFireBase.debug.xcconfig"; path = "Target Support Files/Pods-LinkedinFireBase/Pods-LinkedinFireBase.debug.xcconfig"; sourceTree = "<group>"; };
		FFAC6C6739DDD77E1D4199B3 /* Pods-LinkedinFireBase-LinkedinFireBaseUITests.debug.xcconfig */ = {isa = PBXFileReference; includeInIndex = 1; lastKnownFileType = text.xcconfig; name = "Pods-LinkedinFireBase-LinkedinFireBaseUITests.debug.xcconfig"; path = "Target Support Files/Pods-LinkedinFireBase-LinkedinFireBaseUITests/Pods-LinkedinFireBase-LinkedinFireBaseUITests.debug.xcconfig"; sourceTree = "<group>"; };
/* End PBXFileReference section */

/* Begin PBXFrameworksBuildPhase section */
		07BC89FC2946161E00D3CCFE /* Frameworks */ = {
			isa = PBXFrameworksBuildPhase;
			buildActionMask = 2147483647;
			files = (
				DD883420278ABF1B6721D5DD /* Pods_LinkedinFireBase.framework in Frameworks */,
			);
			runOnlyForDeploymentPostprocessing = 0;
		};
		07BC8A122946162000D3CCFE /* Frameworks */ = {
			isa = PBXFrameworksBuildPhase;
			buildActionMask = 2147483647;
			files = (
				0C3AD68E70AAE36CD01C7CC4 /* Pods_LinkedinFireBaseTests.framework in Frameworks */,
			);
			runOnlyForDeploymentPostprocessing = 0;
		};
		07BC8A1C2946162000D3CCFE /* Frameworks */ = {
			isa = PBXFrameworksBuildPhase;
			buildActionMask = 2147483647;
			files = (
				D442AA2574E1E95F61A26BB1 /* Pods_LinkedinFireBase_LinkedinFireBaseUITests.framework in Frameworks */,
			);
			runOnlyForDeploymentPostprocessing = 0;
		};
/* End PBXFrameworksBuildPhase section */

/* Begin PBXGroup section */
		07BC89F62946161E00D3CCFE = {
			isa = PBXGroup;
			children = (
				07BC8A012946161E00D3CCFE /* LinkedinFireBase */,
				07BC8A182946162000D3CCFE /* LinkedinFireBaseTests */,
				07BC8A222946162100D3CCFE /* LinkedinFireBaseUITests */,
				07BC8A002946161E00D3CCFE /* Products */,
				254E7C36DD8C0A7D06423D1F /* Pods */,
				ABAF059F78369F3F27A5C12B /* Frameworks */,
			);
			sourceTree = "<group>";
		};
		07BC8A002946161E00D3CCFE /* Products */ = {
			isa = PBXGroup;
			children = (
				07BC89FF2946161E00D3CCFE /* LinkedinFireBase.app */,
				07BC8A152946162000D3CCFE /* LinkedinFireBaseTests.xctest */,
				07BC8A1F2946162100D3CCFE /* LinkedinFireBaseUITests.xctest */,
			);
			name = Products;
			sourceTree = "<group>";
		};
		07BC8A012946161E00D3CCFE /* LinkedinFireBase */ = {
			isa = PBXGroup;
			children = (
				07BC8A502946619200D3CCFE /* SignUp */,
				07BC8A3E294621F000D3CCFE /* Util */,
				07BC8A3329461D0C00D3CCFE /* Login */,
				07BC8A022946161E00D3CCFE /* AppDelegate.swift */,
				07BC8A042946161E00D3CCFE /* SceneDelegate.swift */,
				07BC8A062946161E00D3CCFE /* ViewController.swift */,
				07BC8A082946161E00D3CCFE /* Main.storyboard */,
				07BC8A0B2946162000D3CCFE /* Assets.xcassets */,
				07BC8A0D2946162000D3CCFE /* LaunchScreen.storyboard */,
				07BC8A4E2946546100D3CCFE /* GoogleService-Info.plist */,
				07BC8A102946162000D3CCFE /* Info.plist */,
			);
			path = LinkedinFireBase;
			sourceTree = "<group>";
		};
		07BC8A182946162000D3CCFE /* LinkedinFireBaseTests */ = {
			isa = PBXGroup;
			children = (
				07BC8A192946162000D3CCFE /* LinkedinFireBaseTests.swift */,
			);
			path = LinkedinFireBaseTests;
			sourceTree = "<group>";
		};
		07BC8A222946162100D3CCFE /* LinkedinFireBaseUITests */ = {
			isa = PBXGroup;
			children = (
				07BC8A232946162100D3CCFE /* LinkedinFireBaseUITests.swift */,
				07BC8A252946162100D3CCFE /* LinkedinFireBaseUITestsLaunchTests.swift */,
			);
			path = LinkedinFireBaseUITests;
			sourceTree = "<group>";
		};
		07BC8A3329461D0C00D3CCFE /* Login */ = {
			isa = PBXGroup;
			children = (
				07BC8A3429461E8400D3CCFE /* LoginViewController.swift */,
				07BC8A3629461E9300D3CCFE /* LoginViewModel.swift */,
				07BC8A3829461EA200D3CCFE /* LoginViewModelImpl.swift */,
				07BC8A3A29461EB700D3CCFE /* LoginBuilder.swift */,
				07BC8A3C29461ECC00D3CCFE /* Login.storyboard */,
			);
			path = Login;
			sourceTree = "<group>";
		};
		07BC8A3E294621F000D3CCFE /* Util */ = {
			isa = PBXGroup;
			children = (
				07BC8A3F2946227400D3CCFE /* AlertHelper.swift */,
			);
			path = Util;
			sourceTree = "<group>";
		};
		07BC8A502946619200D3CCFE /* SignUp */ = {
			isa = PBXGroup;
			children = (
				07BC8A512946619200D3CCFE /* SignUpViewController.swift */,
				07BC8A522946619200D3CCFE /* SignUpViewModel.swift */,
				07BC8A532946619200D3CCFE /* SignUpViewModelImpl.swift */,
				07BC8A542946619200D3CCFE /* SignUp.storyboard */,
				07BC8A552946619200D3CCFE /* SignUpBuilder.swift */,
			);
			path = SignUp;
			sourceTree = "<group>";
		};
		254E7C36DD8C0A7D06423D1F /* Pods */ = {
			isa = PBXGroup;
			children = (
				F5A2FA83DB43C5CB5C1DC567 /* Pods-LinkedinFireBase.debug.xcconfig */,
				794862AC6BFF7B69B22DA063 /* Pods-LinkedinFireBase.release.xcconfig */,
				FFAC6C6739DDD77E1D4199B3 /* Pods-LinkedinFireBase-LinkedinFireBaseUITests.debug.xcconfig */,
				3F18399D6FBEA45F35B1E801 /* Pods-LinkedinFireBase-LinkedinFireBaseUITests.release.xcconfig */,
				98F335B77F15EAA76EF52693 /* Pods-LinkedinFireBaseTests.debug.xcconfig */,
				741E48997922A301E04566EC /* Pods-LinkedinFireBaseTests.release.xcconfig */,
			);
			path = Pods;
			sourceTree = "<group>";
		};
		ABAF059F78369F3F27A5C12B /* Frameworks */ = {
			isa = PBXGroup;
			children = (
				CCCC576962B0676600BF11A9 /* Pods_LinkedinFireBase.framework */,
				3824820EA3220BEEBAC00DFE /* Pods_LinkedinFireBase_LinkedinFireBaseUITests.framework */,
				605CE405D7D4A664F77302D0 /* Pods_LinkedinFireBaseTests.framework */,
			);
			name = Frameworks;
			sourceTree = "<group>";
		};
/* End PBXGroup section */

/* Begin PBXNativeTarget section */
		07BC89FE2946161E00D3CCFE /* LinkedinFireBase */ = {
			isa = PBXNativeTarget;
			buildConfigurationList = 07BC8A292946162100D3CCFE /* Build configuration list for PBXNativeTarget "LinkedinFireBase" */;
			buildPhases = (
				84420AFA79C71CCA4ECB6C45 /* [CP] Check Pods Manifest.lock */,
				07BC89FB2946161E00D3CCFE /* Sources */,
				07BC89FC2946161E00D3CCFE /* Frameworks */,
				07BC89FD2946161E00D3CCFE /* Resources */,
				FC258DB1D89DD8E47D5B9A44 /* [CP] Embed Pods Frameworks */,
			);
			buildRules = (
			);
			dependencies = (
			);
			name = LinkedinFireBase;
			productName = LinkedinFireBase;
			productReference = 07BC89FF2946161E00D3CCFE /* LinkedinFireBase.app */;
			productType = "com.apple.product-type.application";
		};
		07BC8A142946162000D3CCFE /* LinkedinFireBaseTests */ = {
			isa = PBXNativeTarget;
			buildConfigurationList = 07BC8A2C2946162100D3CCFE /* Build configuration list for PBXNativeTarget "LinkedinFireBaseTests" */;
			buildPhases = (
				E7E1C88CBEE77326B64D6708 /* [CP] Check Pods Manifest.lock */,
				07BC8A112946162000D3CCFE /* Sources */,
				07BC8A122946162000D3CCFE /* Frameworks */,
				07BC8A132946162000D3CCFE /* Resources */,
			);
			buildRules = (
			);
			dependencies = (
				07BC8A172946162000D3CCFE /* PBXTargetDependency */,
			);
			name = LinkedinFireBaseTests;
			productName = LinkedinFireBaseTests;
			productReference = 07BC8A152946162000D3CCFE /* LinkedinFireBaseTests.xctest */;
			productType = "com.apple.product-type.bundle.unit-test";
		};
		07BC8A1E2946162000D3CCFE /* LinkedinFireBaseUITests */ = {
			isa = PBXNativeTarget;
			buildConfigurationList = 07BC8A2F2946162100D3CCFE /* Build configuration list for PBXNativeTarget "LinkedinFireBaseUITests" */;
			buildPhases = (
				9B40119FA4DE45F8376E401C /* [CP] Check Pods Manifest.lock */,
				07BC8A1B2946162000D3CCFE /* Sources */,
				07BC8A1C2946162000D3CCFE /* Frameworks */,
				07BC8A1D2946162000D3CCFE /* Resources */,
				A95604A16F1DD28961E100CE /* [CP] Embed Pods Frameworks */,
			);
			buildRules = (
			);
			dependencies = (
				07BC8A212946162100D3CCFE /* PBXTargetDependency */,
			);
			name = LinkedinFireBaseUITests;
			productName = LinkedinFireBaseUITests;
			productReference = 07BC8A1F2946162100D3CCFE /* LinkedinFireBaseUITests.xctest */;
			productType = "com.apple.product-type.bundle.ui-testing";
		};
/* End PBXNativeTarget section */

/* Begin PBXProject section */
		07BC89F72946161E00D3CCFE /* Project object */ = {
			isa = PBXProject;
			attributes = {
				BuildIndependentTargetsInParallel = 1;
				LastSwiftUpdateCheck = 1340;
				LastUpgradeCheck = 1340;
				TargetAttributes = {
					07BC89FE2946161E00D3CCFE = {
						CreatedOnToolsVersion = 13.4.1;
					};
					07BC8A142946162000D3CCFE = {
						CreatedOnToolsVersion = 13.4.1;
						TestTargetID = 07BC89FE2946161E00D3CCFE;
					};
					07BC8A1E2946162000D3CCFE = {
						CreatedOnToolsVersion = 13.4.1;
						TestTargetID = 07BC89FE2946161E00D3CCFE;
					};
				};
			};
			buildConfigurationList = 07BC89FA2946161E00D3CCFE /* Build configuration list for PBXProject "LinkedinFireBase" */;
			compatibilityVersion = "Xcode 13.0";
			developmentRegion = en;
			hasScannedForEncodings = 0;
			knownRegions = (
				en,
				Base,
			);
			mainGroup = 07BC89F62946161E00D3CCFE;
			productRefGroup = 07BC8A002946161E00D3CCFE /* Products */;
			projectDirPath = "";
			projectRoot = "";
			targets = (
				07BC89FE2946161E00D3CCFE /* LinkedinFireBase */,
				07BC8A142946162000D3CCFE /* LinkedinFireBaseTests */,
				07BC8A1E2946162000D3CCFE /* LinkedinFireBaseUITests */,
			);
		};
/* End PBXProject section */

/* Begin PBXResourcesBuildPhase section */
		07BC89FD2946161E00D3CCFE /* Resources */ = {
			isa = PBXResourcesBuildPhase;
			buildActionMask = 2147483647;
			files = (
				07BC8A3D29461ECC00D3CCFE /* Login.storyboard in Resources */,
				07BC8A0F2946162000D3CCFE /* LaunchScreen.storyboard in Resources */,
				07BC8A592946619200D3CCFE /* SignUp.storyboard in Resources */,
				07BC8A4F2946546100D3CCFE /* GoogleService-Info.plist in Resources */,
				07BC8A0C2946162000D3CCFE /* Assets.xcassets in Resources */,
				07BC8A0A2946161E00D3CCFE /* Main.storyboard in Resources */,
			);
			runOnlyForDeploymentPostprocessing = 0;
		};
		07BC8A132946162000D3CCFE /* Resources */ = {
			isa = PBXResourcesBuildPhase;
			buildActionMask = 2147483647;
			files = (
			);
			runOnlyForDeploymentPostprocessing = 0;
		};
		07BC8A1D2946162000D3CCFE /* Resources */ = {
			isa = PBXResourcesBuildPhase;
			buildActionMask = 2147483647;
			files = (
			);
			runOnlyForDeploymentPostprocessing = 0;
		};
/* End PBXResourcesBuildPhase section */

/* Begin PBXShellScriptBuildPhase section */
		84420AFA79C71CCA4ECB6C45 /* [CP] Check Pods Manifest.lock */ = {
			isa = PBXShellScriptBuildPhase;
			buildActionMask = 2147483647;
			files = (
			);
			inputFileListPaths = (
			);
			inputPaths = (
				"${PODS_PODFILE_DIR_PATH}/Podfile.lock",
				"${PODS_ROOT}/Manifest.lock",
			);
			name = "[CP] Check Pods Manifest.lock";
			outputFileListPaths = (
			);
			outputPaths = (
				"$(DERIVED_FILE_DIR)/Pods-LinkedinFireBase-checkManifestLockResult.txt",
			);
			runOnlyForDeploymentPostprocessing = 0;
			shellPath = /bin/sh;
			shellScript = "diff \"${PODS_PODFILE_DIR_PATH}/Podfile.lock\" \"${PODS_ROOT}/Manifest.lock\" > /dev/null\nif [ $? != 0 ] ; then\n    # print error to STDERR\n    echo \"error: The sandbox is not in sync with the Podfile.lock. Run 'pod install' or update your CocoaPods installation.\" >&2\n    exit 1\nfi\n# This output is used by Xcode 'outputs' to avoid re-running this script phase.\necho \"SUCCESS\" > \"${SCRIPT_OUTPUT_FILE_0}\"\n";
			showEnvVarsInLog = 0;
		};
		9B40119FA4DE45F8376E401C /* [CP] Check Pods Manifest.lock */ = {
			isa = PBXShellScriptBuildPhase;
			buildActionMask = 2147483647;
			files = (
			);
			inputFileListPaths = (
			);
			inputPaths = (
				"${PODS_PODFILE_DIR_PATH}/Podfile.lock",
				"${PODS_ROOT}/Manifest.lock",
			);
			name = "[CP] Check Pods Manifest.lock";
			outputFileListPaths = (
			);
			outputPaths = (
				"$(DERIVED_FILE_DIR)/Pods-LinkedinFireBase-LinkedinFireBaseUITests-checkManifestLockResult.txt",
			);
			runOnlyForDeploymentPostprocessing = 0;
			shellPath = /bin/sh;
			shellScript = "diff \"${PODS_PODFILE_DIR_PATH}/Podfile.lock\" \"${PODS_ROOT}/Manifest.lock\" > /dev/null\nif [ $? != 0 ] ; then\n    # print error to STDERR\n    echo \"error: The sandbox is not in sync with the Podfile.lock. Run 'pod install' or update your CocoaPods installation.\" >&2\n    exit 1\nfi\n# This output is used by Xcode 'outputs' to avoid re-running this script phase.\necho \"SUCCESS\" > \"${SCRIPT_OUTPUT_FILE_0}\"\n";
			showEnvVarsInLog = 0;
		};
		A95604A16F1DD28961E100CE /* [CP] Embed Pods Frameworks */ = {
			isa = PBXShellScriptBuildPhase;
			buildActionMask = 2147483647;
			files = (
			);
			inputFileListPaths = (
				"${PODS_ROOT}/Target Support Files/Pods-LinkedinFireBase-LinkedinFireBaseUITests/Pods-LinkedinFireBase-LinkedinFireBaseUITests-frameworks-${CONFIGURATION}-input-files.xcfilelist",
			);
			name = "[CP] Embed Pods Frameworks";
			outputFileListPaths = (
				"${PODS_ROOT}/Target Support Files/Pods-LinkedinFireBase-LinkedinFireBaseUITests/Pods-LinkedinFireBase-LinkedinFireBaseUITests-frameworks-${CONFIGURATION}-output-files.xcfilelist",
			);
			runOnlyForDeploymentPostprocessing = 0;
			shellPath = /bin/sh;
			shellScript = "\"${PODS_ROOT}/Target Support Files/Pods-LinkedinFireBase-LinkedinFireBaseUITests/Pods-LinkedinFireBase-LinkedinFireBaseUITests-frameworks.sh\"\n";
			showEnvVarsInLog = 0;
		};
		E7E1C88CBEE77326B64D6708 /* [CP] Check Pods Manifest.lock */ = {
			isa = PBXShellScriptBuildPhase;
			buildActionMask = 2147483647;
			files = (
			);
			inputFileListPaths = (
			);
			inputPaths = (
				"${PODS_PODFILE_DIR_PATH}/Podfile.lock",
				"${PODS_ROOT}/Manifest.lock",
			);
			name = "[CP] Check Pods Manifest.lock";
			outputFileListPaths = (
			);
			outputPaths = (
				"$(DERIVED_FILE_DIR)/Pods-LinkedinFireBaseTests-checkManifestLockResult.txt",
			);
			runOnlyForDeploymentPostprocessing = 0;
			shellPath = /bin/sh;
			shellScript = "diff \"${PODS_PODFILE_DIR_PATH}/Podfile.lock\" \"${PODS_ROOT}/Manifest.lock\" > /dev/null\nif [ $? != 0 ] ; then\n    # print error to STDERR\n    echo \"error: The sandbox is not in sync with the Podfile.lock. Run 'pod install' or update your CocoaPods installation.\" >&2\n    exit 1\nfi\n# This output is used by Xcode 'outputs' to avoid re-running this script phase.\necho \"SUCCESS\" > \"${SCRIPT_OUTPUT_FILE_0}\"\n";
			showEnvVarsInLog = 0;
		};
		FC258DB1D89DD8E47D5B9A44 /* [CP] Embed Pods Frameworks */ = {
			isa = PBXShellScriptBuildPhase;
			buildActionMask = 2147483647;
			files = (
			);
			inputFileListPaths = (
				"${PODS_ROOT}/Target Support Files/Pods-LinkedinFireBase/Pods-LinkedinFireBase-frameworks-${CONFIGURATION}-input-files.xcfilelist",
			);
			name = "[CP] Embed Pods Frameworks";
			outputFileListPaths = (
				"${PODS_ROOT}/Target Support Files/Pods-LinkedinFireBase/Pods-LinkedinFireBase-frameworks-${CONFIGURATION}-output-files.xcfilelist",
			);
			runOnlyForDeploymentPostprocessing = 0;
			shellPath = /bin/sh;
			shellScript = "\"${PODS_ROOT}/Target Support Files/Pods-LinkedinFireBase/Pods-LinkedinFireBase-frameworks.sh\"\n";
			showEnvVarsInLog = 0;
		};
/* End PBXShellScriptBuildPhase section */

/* Begin PBXSourcesBuildPhase section */
		07BC89FB2946161E00D3CCFE /* Sources */ = {
			isa = PBXSourcesBuildPhase;
			buildActionMask = 2147483647;
			files = (
				07BC8A582946619200D3CCFE /* SignUpViewModelImpl.swift in Sources */,
				07BC8A3529461E8400D3CCFE /* LoginViewController.swift in Sources */,
				07BC8A072946161E00D3CCFE /* ViewController.swift in Sources */,
				07BC8A572946619200D3CCFE /* SignUpViewModel.swift in Sources */,
				07BC8A3B29461EB700D3CCFE /* LoginBuilder.swift in Sources */,
				07BC8A3929461EA200D3CCFE /* LoginViewModelImpl.swift in Sources */,
				07BC8A032946161E00D3CCFE /* AppDelegate.swift in Sources */,
				07BC8A3729461E9300D3CCFE /* LoginViewModel.swift in Sources */,
				07BC8A562946619200D3CCFE /* SignUpViewController.swift in Sources */,
				07BC8A402946227400D3CCFE /* AlertHelper.swift in Sources */,
				07BC8A052946161E00D3CCFE /* SceneDelegate.swift in Sources */,
				07BC8A5A2946619200D3CCFE /* SignUpBuilder.swift in Sources */,
			);
			runOnlyForDeploymentPostprocessing = 0;
		};
		07BC8A112946162000D3CCFE /* Sources */ = {
			isa = PBXSourcesBuildPhase;
			buildActionMask = 2147483647;
			files = (
				07BC8A1A2946162000D3CCFE /* LinkedinFireBaseTests.swift in Sources */,
			);
			runOnlyForDeploymentPostprocessing = 0;
		};
		07BC8A1B2946162000D3CCFE /* Sources */ = {
			isa = PBXSourcesBuildPhase;
			buildActionMask = 2147483647;
			files = (
				07BC8A242946162100D3CCFE /* LinkedinFireBaseUITests.swift in Sources */,
				07BC8A262946162100D3CCFE /* LinkedinFireBaseUITestsLaunchTests.swift in Sources */,
			);
			runOnlyForDeploymentPostprocessing = 0;
		};
/* End PBXSourcesBuildPhase section */

/* Begin PBXTargetDependency section */
		07BC8A172946162000D3CCFE /* PBXTargetDependency */ = {
			isa = PBXTargetDependency;
			target = 07BC89FE2946161E00D3CCFE /* LinkedinFireBase */;
			targetProxy = 07BC8A162946162000D3CCFE /* PBXContainerItemProxy */;
		};
		07BC8A212946162100D3CCFE /* PBXTargetDependency */ = {
			isa = PBXTargetDependency;
			target = 07BC89FE2946161E00D3CCFE /* LinkedinFireBase */;
			targetProxy = 07BC8A202946162100D3CCFE /* PBXContainerItemProxy */;
		};
/* End PBXTargetDependency section */

/* Begin PBXVariantGroup section */
		07BC8A082946161E00D3CCFE /* Main.storyboard */ = {
			isa = PBXVariantGroup;
			children = (
				07BC8A092946161E00D3CCFE /* Base */,
			);
			name = Main.storyboard;
			sourceTree = "<group>";
		};
		07BC8A0D2946162000D3CCFE /* LaunchScreen.storyboard */ = {
			isa = PBXVariantGroup;
			children = (
				07BC8A0E2946162000D3CCFE /* Base */,
			);
			name = LaunchScreen.storyboard;
			sourceTree = "<group>";
		};
/* End PBXVariantGroup section */

/* Begin XCBuildConfiguration section */
		07BC8A272946162100D3CCFE /* Debug */ = {
			isa = XCBuildConfiguration;
			buildSettings = {
				ALWAYS_SEARCH_USER_PATHS = NO;
				CLANG_ANALYZER_NONNULL = YES;
				CLANG_ANALYZER_NUMBER_OBJECT_CONVERSION = YES_AGGRESSIVE;
				CLANG_CXX_LANGUAGE_STANDARD = "gnu++17";
				CLANG_ENABLE_MODULES = YES;
				CLANG_ENABLE_OBJC_ARC = YES;
				CLANG_ENABLE_OBJC_WEAK = YES;
				CLANG_WARN_BLOCK_CAPTURE_AUTORELEASING = YES;
				CLANG_WARN_BOOL_CONVERSION = YES;
				CLANG_WARN_COMMA = YES;
				CLANG_WARN_CONSTANT_CONVERSION = YES;
				CLANG_WARN_DEPRECATED_OBJC_IMPLEMENTATIONS = YES;
				CLANG_WARN_DIRECT_OBJC_ISA_USAGE = YES_ERROR;
				CLANG_WARN_DOCUMENTATION_COMMENTS = YES;
				CLANG_WARN_EMPTY_BODY = YES;
				CLANG_WARN_ENUM_CONVERSION = YES;
				CLANG_WARN_INFINITE_RECURSION = YES;
				CLANG_WARN_INT_CONVERSION = YES;
				CLANG_WARN_NON_LITERAL_NULL_CONVERSION = YES;
				CLANG_WARN_OBJC_IMPLICIT_RETAIN_SELF = YES;
				CLANG_WARN_OBJC_LITERAL_CONVERSION = YES;
				CLANG_WARN_OBJC_ROOT_CLASS = YES_ERROR;
				CLANG_WARN_QUOTED_INCLUDE_IN_FRAMEWORK_HEADER = YES;
				CLANG_WARN_RANGE_LOOP_ANALYSIS = YES;
				CLANG_WARN_STRICT_PROTOTYPES = YES;
				CLANG_WARN_SUSPICIOUS_MOVE = YES;
				CLANG_WARN_UNGUARDED_AVAILABILITY = YES_AGGRESSIVE;
				CLANG_WARN_UNREACHABLE_CODE = YES;
				CLANG_WARN__DUPLICATE_METHOD_MATCH = YES;
				COPY_PHASE_STRIP = NO;
				DEBUG_INFORMATION_FORMAT = dwarf;
				ENABLE_STRICT_OBJC_MSGSEND = YES;
				ENABLE_TESTABILITY = YES;
				GCC_C_LANGUAGE_STANDARD = gnu11;
				GCC_DYNAMIC_NO_PIC = NO;
				GCC_NO_COMMON_BLOCKS = YES;
				GCC_OPTIMIZATION_LEVEL = 0;
				GCC_PREPROCESSOR_DEFINITIONS = (
					"DEBUG=1",
					"$(inherited)",
				);
				GCC_WARN_64_TO_32_BIT_CONVERSION = YES;
				GCC_WARN_ABOUT_RETURN_TYPE = YES_ERROR;
				GCC_WARN_UNDECLARED_SELECTOR = YES;
				GCC_WARN_UNINITIALIZED_AUTOS = YES_AGGRESSIVE;
				GCC_WARN_UNUSED_FUNCTION = YES;
				GCC_WARN_UNUSED_VARIABLE = YES;
				IPHONEOS_DEPLOYMENT_TARGET = 15.5;
				MTL_ENABLE_DEBUG_INFO = INCLUDE_SOURCE;
				MTL_FAST_MATH = YES;
				ONLY_ACTIVE_ARCH = YES;
				SDKROOT = iphoneos;
				SWIFT_ACTIVE_COMPILATION_CONDITIONS = DEBUG;
				SWIFT_OPTIMIZATION_LEVEL = "-Onone";
			};
			name = Debug;
		};
		07BC8A282946162100D3CCFE /* Release */ = {
			isa = XCBuildConfiguration;
			buildSettings = {
				ALWAYS_SEARCH_USER_PATHS = NO;
				CLANG_ANALYZER_NONNULL = YES;
				CLANG_ANALYZER_NUMBER_OBJECT_CONVERSION = YES_AGGRESSIVE;
				CLANG_CXX_LANGUAGE_STANDARD = "gnu++17";
				CLANG_ENABLE_MODULES = YES;
				CLANG_ENABLE_OBJC_ARC = YES;
				CLANG_ENABLE_OBJC_WEAK = YES;
				CLANG_WARN_BLOCK_CAPTURE_AUTORELEASING = YES;
				CLANG_WARN_BOOL_CONVERSION = YES;
				CLANG_WARN_COMMA = YES;
				CLANG_WARN_CONSTANT_CONVERSION = YES;
				CLANG_WARN_DEPRECATED_OBJC_IMPLEMENTATIONS = YES;
				CLANG_WARN_DIRECT_OBJC_ISA_USAGE = YES_ERROR;
				CLANG_WARN_DOCUMENTATION_COMMENTS = YES;
				CLANG_WARN_EMPTY_BODY = YES;
				CLANG_WARN_ENUM_CONVERSION = YES;
				CLANG_WARN_INFINITE_RECURSION = YES;
				CLANG_WARN_INT_CONVERSION = YES;
				CLANG_WARN_NON_LITERAL_NULL_CONVERSION = YES;
				CLANG_WARN_OBJC_IMPLICIT_RETAIN_SELF = YES;
				CLANG_WARN_OBJC_LITERAL_CONVERSION = YES;
				CLANG_WARN_OBJC_ROOT_CLASS = YES_ERROR;
				CLANG_WARN_QUOTED_INCLUDE_IN_FRAMEWORK_HEADER = YES;
				CLANG_WARN_RANGE_LOOP_ANALYSIS = YES;
				CLANG_WARN_STRICT_PROTOTYPES = YES;
				CLANG_WARN_SUSPICIOUS_MOVE = YES;
				CLANG_WARN_UNGUARDED_AVAILABILITY = YES_AGGRESSIVE;
				CLANG_WARN_UNREACHABLE_CODE = YES;
				CLANG_WARN__DUPLICATE_METHOD_MATCH = YES;
				COPY_PHASE_STRIP = NO;
				DEBUG_INFORMATION_FORMAT = "dwarf-with-dsym";
				ENABLE_NS_ASSERTIONS = NO;
				ENABLE_STRICT_OBJC_MSGSEND = YES;
				GCC_C_LANGUAGE_STANDARD = gnu11;
				GCC_NO_COMMON_BLOCKS = YES;
				GCC_WARN_64_TO_32_BIT_CONVERSION = YES;
				GCC_WARN_ABOUT_RETURN_TYPE = YES_ERROR;
				GCC_WARN_UNDECLARED_SELECTOR = YES;
				GCC_WARN_UNINITIALIZED_AUTOS = YES_AGGRESSIVE;
				GCC_WARN_UNUSED_FUNCTION = YES;
				GCC_WARN_UNUSED_VARIABLE = YES;
				IPHONEOS_DEPLOYMENT_TARGET = 15.5;
				MTL_ENABLE_DEBUG_INFO = NO;
				MTL_FAST_MATH = YES;
				SDKROOT = iphoneos;
				SWIFT_COMPILATION_MODE = wholemodule;
				SWIFT_OPTIMIZATION_LEVEL = "-O";
				VALIDATE_PRODUCT = YES;
			};
			name = Release;
		};
		07BC8A2A2946162100D3CCFE /* Debug */ = {
			isa = XCBuildConfiguration;
			baseConfigurationReference = F5A2FA83DB43C5CB5C1DC567 /* Pods-LinkedinFireBase.debug.xcconfig */;
			buildSettings = {
				ASSETCATALOG_COMPILER_APPICON_NAME = AppIcon;
				ASSETCATALOG_COMPILER_GLOBAL_ACCENT_COLOR_NAME = AccentColor;
				CODE_SIGN_STYLE = Automatic;
				CURRENT_PROJECT_VERSION = 1;
				DEVELOPMENT_TEAM = Z6FX84R897;
				GENERATE_INFOPLIST_FILE = YES;
				INFOPLIST_FILE = LinkedinFireBase/Info.plist;
				INFOPLIST_KEY_UIApplicationSupportsIndirectInputEvents = YES;
				INFOPLIST_KEY_UILaunchStoryboardName = LaunchScreen;
				INFOPLIST_KEY_UIMainStoryboardFile = Main;
				INFOPLIST_KEY_UISupportedInterfaceOrientations_iPad = "UIInterfaceOrientationPortrait UIInterfaceOrientationPortraitUpsideDown UIInterfaceOrientationLandscapeLeft UIInterfaceOrientationLandscapeRight";
				INFOPLIST_KEY_UISupportedInterfaceOrientations_iPhone = "UIInterfaceOrientationPortrait UIInterfaceOrientationLandscapeLeft UIInterfaceOrientationLandscapeRight";
				LD_RUNPATH_SEARCH_PATHS = (
					"$(inherited)",
					"@executable_path/Frameworks",
				);
				MARKETING_VERSION = 1.0;
				PRODUCT_BUNDLE_IDENTIFIER = com.toysaniye.LinkedinFireBase;
				PRODUCT_NAME = "$(TARGET_NAME)";
				SWIFT_EMIT_LOC_STRINGS = YES;
				SWIFT_VERSION = 5.0;
				TARGETED_DEVICE_FAMILY = "1,2";
			};
			name = Debug;
		};
		07BC8A2B2946162100D3CCFE /* Release */ = {
			isa = XCBuildConfiguration;
			baseConfigurationReference = 794862AC6BFF7B69B22DA063 /* Pods-LinkedinFireBase.release.xcconfig */;
			buildSettings = {
				ASSETCATALOG_COMPILER_APPICON_NAME = AppIcon;
				ASSETCATALOG_COMPILER_GLOBAL_ACCENT_COLOR_NAME = AccentColor;
				CODE_SIGN_STYLE = Automatic;
				CURRENT_PROJECT_VERSION = 1;
				DEVELOPMENT_TEAM = Z6FX84R897;
				GENERATE_INFOPLIST_FILE = YES;
				INFOPLIST_FILE = LinkedinFireBase/Info.plist;
				INFOPLIST_KEY_UIApplicationSupportsIndirectInputEvents = YES;
				INFOPLIST_KEY_UILaunchStoryboardName = LaunchScreen;
				INFOPLIST_KEY_UIMainStoryboardFile = Main;
				INFOPLIST_KEY_UISupportedInterfaceOrientations_iPad = "UIInterfaceOrientationPortrait UIInterfaceOrientationPortraitUpsideDown UIInterfaceOrientationLandscapeLeft UIInterfaceOrientationLandscapeRight";
				INFOPLIST_KEY_UISupportedInterfaceOrientations_iPhone = "UIInterfaceOrientationPortrait UIInterfaceOrientationLandscapeLeft UIInterfaceOrientationLandscapeRight";
				LD_RUNPATH_SEARCH_PATHS = (
					"$(inherited)",
					"@executable_path/Frameworks",
				);
				MARKETING_VERSION = 1.0;
				PRODUCT_BUNDLE_IDENTIFIER = com.toysaniye.LinkedinFireBase;
				PRODUCT_NAME = "$(TARGET_NAME)";
				SWIFT_EMIT_LOC_STRINGS = YES;
				SWIFT_VERSION = 5.0;
				TARGETED_DEVICE_FAMILY = "1,2";
			};
			name = Release;
		};
		07BC8A2D2946162100D3CCFE /* Debug */ = {
			isa = XCBuildConfiguration;
			baseConfigurationReference = 98F335B77F15EAA76EF52693 /* Pods-LinkedinFireBaseTests.debug.xcconfig */;
			buildSettings = {
				ALWAYS_EMBED_SWIFT_STANDARD_LIBRARIES = YES;
				BUNDLE_LOADER = "$(TEST_HOST)";
				CODE_SIGN_STYLE = Automatic;
				CURRENT_PROJECT_VERSION = 1;
				DEVELOPMENT_TEAM = Z6FX84R897;
				GENERATE_INFOPLIST_FILE = YES;
				IPHONEOS_DEPLOYMENT_TARGET = 15.5;
				MARKETING_VERSION = 1.0;
				PRODUCT_BUNDLE_IDENTIFIER = com.toysaniye.LinkedinFireBaseTests;
				PRODUCT_NAME = "$(TARGET_NAME)";
				SWIFT_EMIT_LOC_STRINGS = NO;
				SWIFT_VERSION = 5.0;
				TARGETED_DEVICE_FAMILY = "1,2";
				TEST_HOST = "$(BUILT_PRODUCTS_DIR)/LinkedinFireBase.app/LinkedinFireBase";
			};
			name = Debug;
		};
		07BC8A2E2946162100D3CCFE /* Release */ = {
			isa = XCBuildConfiguration;
			baseConfigurationReference = 741E48997922A301E04566EC /* Pods-LinkedinFireBaseTests.release.xcconfig */;
			buildSettings = {
				ALWAYS_EMBED_SWIFT_STANDARD_LIBRARIES = YES;
				BUNDLE_LOADER = "$(TEST_HOST)";
				CODE_SIGN_STYLE = Automatic;
				CURRENT_PROJECT_VERSION = 1;
				DEVELOPMENT_TEAM = Z6FX84R897;
				GENERATE_INFOPLIST_FILE = YES;
				IPHONEOS_DEPLOYMENT_TARGET = 15.5;
				MARKETING_VERSION = 1.0;
				PRODUCT_BUNDLE_IDENTIFIER = com.toysaniye.LinkedinFireBaseTests;
				PRODUCT_NAME = "$(TARGET_NAME)";
				SWIFT_EMIT_LOC_STRINGS = NO;
				SWIFT_VERSION = 5.0;
				TARGETED_DEVICE_FAMILY = "1,2";
				TEST_HOST = "$(BUILT_PRODUCTS_DIR)/LinkedinFireBase.app/LinkedinFireBase";
			};
			name = Release;
		};
		07BC8A302946162100D3CCFE /* Debug */ = {
			isa = XCBuildConfiguration;
			baseConfigurationReference = FFAC6C6739DDD77E1D4199B3 /* Pods-LinkedinFireBase-LinkedinFireBaseUITests.debug.xcconfig */;
			buildSettings = {
				ALWAYS_EMBED_SWIFT_STANDARD_LIBRARIES = YES;
				CODE_SIGN_STYLE = Automatic;
				CURRENT_PROJECT_VERSION = 1;
				DEVELOPMENT_TEAM = Z6FX84R897;
				GENERATE_INFOPLIST_FILE = YES;
				MARKETING_VERSION = 1.0;
				PRODUCT_BUNDLE_IDENTIFIER = com.toysaniye.LinkedinFireBaseUITests;
				PRODUCT_NAME = "$(TARGET_NAME)";
				SWIFT_EMIT_LOC_STRINGS = NO;
				SWIFT_VERSION = 5.0;
				TARGETED_DEVICE_FAMILY = "1,2";
				TEST_TARGET_NAME = LinkedinFireBase;
			};
			name = Debug;
		};
		07BC8A312946162100D3CCFE /* Release */ = {
			isa = XCBuildConfiguration;
			baseConfigurationReference = 3F18399D6FBEA45F35B1E801 /* Pods-LinkedinFireBase-LinkedinFireBaseUITests.release.xcconfig */;
			buildSettings = {
				ALWAYS_EMBED_SWIFT_STANDARD_LIBRARIES = YES;
				CODE_SIGN_STYLE = Automatic;
				CURRENT_PROJECT_VERSION = 1;
				DEVELOPMENT_TEAM = Z6FX84R897;
				GENERATE_INFOPLIST_FILE = YES;
				MARKETING_VERSION = 1.0;
				PRODUCT_BUNDLE_IDENTIFIER = com.toysaniye.LinkedinFireBaseUITests;
				PRODUCT_NAME = "$(TARGET_NAME)";
				SWIFT_EMIT_LOC_STRINGS = NO;
				SWIFT_VERSION = 5.0;
				TARGETED_DEVICE_FAMILY = "1,2";
				TEST_TARGET_NAME = LinkedinFireBase;
			};
			name = Release;
		};
/* End XCBuildConfiguration section */

/* Begin XCConfigurationList section */
		07BC89FA2946161E00D3CCFE /* Build configuration list for PBXProject "LinkedinFireBase" */ = {
			isa = XCConfigurationList;
			buildConfigurations = (
				07BC8A272946162100D3CCFE /* Debug */,
				07BC8A282946162100D3CCFE /* Release */,
			);
			defaultConfigurationIsVisible = 0;
			defaultConfigurationName = Release;
		};
		07BC8A292946162100D3CCFE /* Build configuration list for PBXNativeTarget "LinkedinFireBase" */ = {
			isa = XCConfigurationList;
			buildConfigurations = (
				07BC8A2A2946162100D3CCFE /* Debug */,
				07BC8A2B2946162100D3CCFE /* Release */,
			);
			defaultConfigurationIsVisible = 0;
			defaultConfigurationName = Release;
		};
		07BC8A2C2946162100D3CCFE /* Build configuration list for PBXNativeTarget "LinkedinFireBaseTests" */ = {
			isa = XCConfigurationList;
			buildConfigurations = (
				07BC8A2D2946162100D3CCFE /* Debug */,
				07BC8A2E2946162100D3CCFE /* Release */,
			);
			defaultConfigurationIsVisible = 0;
			defaultConfigurationName = Release;
		};
		07BC8A2F2946162100D3CCFE /* Build configuration list for PBXNativeTarget "LinkedinFireBaseUITests" */ = {
			isa = XCConfigurationList;
			buildConfigurations = (
				07BC8A302946162100D3CCFE /* Debug */,
				07BC8A312946162100D3CCFE /* Release */,
			);
			defaultConfigurationIsVisible = 0;
			defaultConfigurationName = Release;
		};
/* End XCConfigurationList section */
	};
	rootObject = 07BC89F72946161E00D3CCFE /* Project object */;
}
